
Microsoft Visual Studio Solution File, Format Version 12.00
# Visual Studio Version 17
VisualStudioVersion = 17.0.31903.59
MinimumVisualStudioVersion = 10.0.40219.1
Project("{9A19103F-16F7-4668-BE54-9A1E7A4F7556}") = "D.Models", "D.Models\D.Models.csproj", "{AC848FD2-ED36-4178-9F96-36DCA3187037}"
EndProject
Project("{9A19103F-16F7-4668-BE54-9A1E7A4F7556}") = "D.WpfApp", "D.WpfApp\D.WpfApp.csproj", "{E80F4BAB-2B2C-4260-8BF6-94887A18CAA7}"
EndProject
Project("{9A19103F-16F7-4668-BE54-9A1E7A4F7556}") = "D.Core", "D.Core\D.Core.csproj", "{94116328-4A42-4437-A8AF-B382454878F4}"
EndProject
Project("{FAE04EC0-301F-11D3-BF4B-00C04F79EFBC}") = "D.ConsoleApp", "D.ConsoleApp\D.ConsoleApp.csproj", "{B3E31C2B-3CB1-4E64-AD3B-78EFD3E39CD6}"
EndProject
Global
	GlobalSection(SolutionConfigurationPlatforms) = preSolution
		Debug|Any CPU = Debug|Any CPU
		Release|Any CPU = Release|Any CPU
	EndGlobalSection
	GlobalSection(ProjectConfigurationPlatforms) = postSolution
		{AC848FD2-ED36-4178-9F96-36DCA3187037}.Debug|Any CPU.ActiveCfg = Debug|Any CPU
		{AC848FD2-ED36-4178-9F96-36DCA3187037}.Debug|Any CPU.Build.0 = Debug|Any CPU
		{AC848FD2-ED36-4178-9F96-36DCA3187037}.Release|Any CPU.ActiveCfg = Release|Any CPU
		{AC848FD2-ED36-4178-9F96-36DCA3187037}.Release|Any CPU.Build.0 = Release|Any CPU
		{E80F4BAB-2B2C-4260-8BF6-94887A18CAA7}.Debug|Any CPU.ActiveCfg = Debug|Any CPU
		{E80F4BAB-2B2C-4260-8BF6-94887A18CAA7}.Debug|Any CPU.Build.0 = Debug|Any CPU
		{E80F4BAB-2B2C-4260-8BF6-94887A18CAA7}.Release|Any CPU.ActiveCfg = Release|Any CPU
		{E80F4BAB-2B2C-4260-8BF6-94887A18CAA7}.Release|Any CPU.Build.0 = Release|Any CPU
		{94116328-4A42-4437-A8AF-B382454878F4}.Debug|Any CPU.ActiveCfg = Debug|Any CPU
		{94116328-4A42-4437-A8AF-B382454878F4}.Debug|Any CPU.Build.0 = Debug|Any CPU
		{94116328-4A42-4437-A8AF-B382454878F4}.Release|Any CPU.ActiveCfg = Release|Any CPU
		{94116328-4A42-4437-A8AF-B382454878F4}.Release|Any CPU.Build.0 = Release|Any CPU
		{B3E31C2B-3CB1-4E64-AD3B-78EFD3E39CD6}.Debug|Any CPU.ActiveCfg = Debug|Any CPU
		{B3E31C2B-3CB1-4E64-AD3B-78EFD3E39CD6}.Debug|Any CPU.Build.0 = Debug|Any CPU
		{B3E31C2B-3CB1-4E64-AD3B-78EFD3E39CD6}.Release|Any CPU.ActiveCfg = Release|Any CPU
		{B3E31C2B-3CB1-4E64-AD3B-78EFD3E39CD6}.Release|Any CPU.Build.0 = Release|Any CPU
	EndGlobalSection
	GlobalSection(SolutionProperties) = preSolution
		HideSolutionNode = FALSE
	EndGlobalSection
	GlobalSection(ExtensibilityGlobals) = postSolution
		SolutionGuid = {0134F2DC-18A9-4E43-A59C-E19E1E584BC9}
	EndGlobalSection
EndGlobal
